
Microsoft Visual Studio Solution File, Format Version 12.00
# Visual Studio Version 16
VisualStudioVersion = 16.0.29613.14
MinimumVisualStudioVersion = 10.0.40219.1
Project("{8BC9CEB8-8B4A-11D0-8D11-00A0C91BC942}") = "Savana", "Savana\Savana.vcxproj", "{712CE94C-1D87-4FB3-9B47-0F4AE0AB5470}"
EndProject
Project("{8BC9CEB8-8B4A-11D0-8D11-00A0C91BC942}") = "TigerEngine", "TigerEngine\TigerEngine.vcxproj", "{3E448BB3-EDA5-443D-9B9D-77F895BD63C8}"
EndProject
Global
	GlobalSection(SolutionConfigurationPlatforms) = preSolution
		Debug|x64 = Debug|x64
		Debug|x86 = Debug|x86
		Release|x64 = Release|x64
		Release|x86 = Release|x86
	EndGlobalSection
	GlobalSection(ProjectConfigurationPlatforms) = postSolution
		{712CE94C-1D87-4FB3-9B47-0F4AE0AB5470}.Debug|x64.ActiveCfg = Debug|x64
		{712CE94C-1D87-4FB3-9B47-0F4AE0AB5470}.Debug|x64.Build.0 = Debug|x64
		{712CE94C-1D87-4FB3-9B47-0F4AE0AB5470}.Debug|x86.ActiveCfg = Debug|x64
		{712CE94C-1D87-4FB3-9B47-0F4AE0AB5470}.Release|x64.ActiveCfg = Release|x64
		{712CE94C-1D87-4FB3-9B47-0F4AE0AB5470}.Release|x64.Build.0 = Release|x64
		{712CE94C-1D87-4FB3-9B47-0F4AE0AB5470}.Release|x86.ActiveCfg = Release|x64
		{3E448BB3-EDA5-443D-9B9D-77F895BD63C8}.Debug|x64.ActiveCfg = Debug|x64
		{3E448BB3-EDA5-443D-9B9D-77F895BD63C8}.Debug|x64.Build.0 = Debug|x64
		{3E448BB3-EDA5-443D-9B9D-77F895BD63C8}.Debug|x86.ActiveCfg = Debug|x64
		{3E448BB3-EDA5-443D-9B9D-77F895BD63C8}.Release|x64.ActiveCfg = Release|x64
		{3E448BB3-EDA5-443D-9B9D-77F895BD63C8}.Release|x64.Build.0 = Release|x64
		{3E448BB3-EDA5-443D-9B9D-77F895BD63C8}.Release|x86.ActiveCfg = Release|x64
	EndGlobalSection
	GlobalSection(SolutionProperties) = preSolution
		HideSolutionNode = FALSE
	EndGlobalSection
	GlobalSection(ExtensibilityGlobals) = postSolution
		SolutionGuid = {A66ACCED-99E2-4B6F-A317-F91093535F3E}
	EndGlobalSection
EndGlobal
